// !$*UTF8*$!
{
	archiveVersion = 1;
	classes = {
	};
	objectVersion = 46;
	objects = {

/* Begin PBXBuildFile section */
		D203819C16BCF1FD008755DC /* libconfig++.a in Frameworks */ = {isa = PBXBuildFile; fileRef = D28BAF0316B5FEB500578956 /* libconfig++.a */; };
		D20381A416BCF25A008755DC /* sse.cpp in Sources */ = {isa = PBXBuildFile; fileRef = D20381A216BCF25A008755DC /* sse.cpp */; };
		D24BC36D16B64B1A006C64A3 /* global.cpp in Sources */ = {isa = PBXBuildFile; fileRef = D28BAEFD16B5FD0200578956 /* global.cpp */; };
		D24BC36E16B64B1A006C64A3 /* config.cpp in Sources */ = {isa = PBXBuildFile; fileRef = D28BAF0016B5FDDA00578956 /* config.cpp */; };
		D24BC37016B64B1A006C64A3 /* barrier.cpp in Sources */ = {isa = PBXBuildFile; fileRef = D28BAF1816B60B3800578956 /* barrier.cpp */; };
		D24BC37216B64B1A006C64A3 /* libconfig++.a in Frameworks */ = {isa = PBXBuildFile; fileRef = D28BAF0316B5FEB500578956 /* libconfig++.a */; };
		D24BC37A16B64B92006C64A3 /* jacobi.cpp in Sources */ = {isa = PBXBuildFile; fileRef = D24BC37916B64B92006C64A3 /* jacobi.cpp */; };
		D25C8DB416B89B6600B0A607 /* grid.cpp in Sources */ = {isa = PBXBuildFile; fileRef = D25C8DB216B89B6600B0A607 /* grid.cpp */; };
		D28BAEFF16B5FD0200578956 /* global.cpp in Sources */ = {isa = PBXBuildFile; fileRef = D28BAEFD16B5FD0200578956 /* global.cpp */; };
		D28BAF0216B5FDDA00578956 /* config.cpp in Sources */ = {isa = PBXBuildFile; fileRef = D28BAF0016B5FDDA00578956 /* config.cpp */; };
		D28BAF0416B5FEB500578956 /* libconfig++.a in Frameworks */ = {isa = PBXBuildFile; fileRef = D28BAF0316B5FEB500578956 /* libconfig++.a */; };
		D28BAF0A16B604B900578956 /* global.cpp in Sources */ = {isa = PBXBuildFile; fileRef = D28BAEFD16B5FD0200578956 /* global.cpp */; };
		D28BAF0B16B604B900578956 /* config.cpp in Sources */ = {isa = PBXBuildFile; fileRef = D28BAF0016B5FDDA00578956 /* config.cpp */; };
		D28BAF0D16B604B900578956 /* libconfig++.a in Frameworks */ = {isa = PBXBuildFile; fileRef = D28BAF0316B5FEB500578956 /* libconfig++.a */; };
		D28BAF1516B604F200578956 /* test.cpp in Sources */ = {isa = PBXBuildFile; fileRef = D28BAF1416B604F200578956 /* test.cpp */; };
		D28BAF1A16B60B3800578956 /* barrier.cpp in Sources */ = {isa = PBXBuildFile; fileRef = D28BAF1816B60B3800578956 /* barrier.cpp */; };
		D28BAF1B16B60B3800578956 /* barrier.cpp in Sources */ = {isa = PBXBuildFile; fileRef = D28BAF1816B60B3800578956 /* barrier.cpp */; };
		D2915FD316B5F8280084A612 /* main.cpp in Sources */ = {isa = PBXBuildFile; fileRef = D2915FC816B5F7FE0084A612 /* main.cpp */; };
		D2C6828216BB7EB40023FB36 /* boundaries.cpp in Sources */ = {isa = PBXBuildFile; fileRef = D2C6828016BB7EB30023FB36 /* boundaries.cpp */; };
		D2C6828316BB7EB40023FB36 /* boundaries.cpp in Sources */ = {isa = PBXBuildFile; fileRef = D2C6828016BB7EB30023FB36 /* boundaries.cpp */; };
		D2C6828416BB7EB40023FB36 /* boundaries.cpp in Sources */ = {isa = PBXBuildFile; fileRef = D2C6828016BB7EB30023FB36 /* boundaries.cpp */; };
		D2C6828A16BB9CAC0023FB36 /* drift-kick.cpp in Sources */ = {isa = PBXBuildFile; fileRef = D2C6828816BB9CAC0023FB36 /* drift-kick.cpp */; };
/* End PBXBuildFile section */

/* Begin PBXCopyFilesBuildPhase section */
		D203819D16BCF1FD008755DC /* CopyFiles */ = {
			isa = PBXCopyFilesBuildPhase;
			buildActionMask = 2147483647;
			dstPath = /usr/share/man/man1/;
			dstSubfolderSpec = 0;
			files = (
			);
			runOnlyForDeploymentPostprocessing = 1;
		};
		D24BC37316B64B1A006C64A3 /* CopyFiles */ = {
			isa = PBXCopyFilesBuildPhase;
			buildActionMask = 2147483647;
			dstPath = /usr/share/man/man1/;
			dstSubfolderSpec = 0;
			files = (
			);
			runOnlyForDeploymentPostprocessing = 1;
		};
		D28BAF0E16B604B900578956 /* CopyFiles */ = {
			isa = PBXCopyFilesBuildPhase;
			buildActionMask = 2147483647;
			dstPath = /usr/share/man/man1/;
			dstSubfolderSpec = 0;
			files = (
			);
			runOnlyForDeploymentPostprocessing = 1;
		};
		D2915FCD16B5F8170084A612 /* CopyFiles */ = {
			isa = PBXCopyFilesBuildPhase;
			buildActionMask = 2147483647;
			dstPath = /usr/share/man/man1/;
			dstSubfolderSpec = 0;
			files = (
			);
			runOnlyForDeploymentPostprocessing = 1;
		};
/* End PBXCopyFilesBuildPhase section */

/* Begin PBXFileReference section */
		D20381A116BCF1FD008755DC /* sse */ = {isa = PBXFileReference; explicitFileType = "compiled.mach-o.executable"; includeInIndex = 0; path = sse; sourceTree = BUILT_PRODUCTS_DIR; };
		D20381A216BCF25A008755DC /* sse.cpp */ = {isa = PBXFileReference; fileEncoding = 4; lastKnownFileType = sourcecode.cpp.cpp; path = sse.cpp; sourceTree = "<group>"; };
		D20381BB16BDFE20008755DC /* sources.h */ = {isa = PBXFileReference; lastKnownFileType = sourcecode.c.h; path = sources.h; sourceTree = "<group>"; };
		D24BC37716B64B1A006C64A3 /* jacobi */ = {isa = PBXFileReference; explicitFileType = "compiled.mach-o.executable"; includeInIndex = 0; path = jacobi; sourceTree = BUILT_PRODUCTS_DIR; };
		D24BC37916B64B92006C64A3 /* jacobi.cpp */ = {isa = PBXFileReference; fileEncoding = 4; lastKnownFileType = sourcecode.cpp.cpp; path = jacobi.cpp; sourceTree = "<group>"; };
		D25C8DB216B89B6600B0A607 /* grid.cpp */ = {isa = PBXFileReference; fileEncoding = 4; lastKnownFileType = sourcecode.cpp.cpp; path = grid.cpp; sourceTree = "<group>"; };
		D25C8DB316B89B6600B0A607 /* grid.h */ = {isa = PBXFileReference; fileEncoding = 4; lastKnownFileType = sourcecode.c.h; path = grid.h; sourceTree = "<group>"; };
		D28BAEFB16B5FB4500578956 /* param.h */ = {isa = PBXFileReference; fileEncoding = 4; lastKnownFileType = sourcecode.c.h; path = param.h; sourceTree = "<group>"; };
		D28BAEFD16B5FD0200578956 /* global.cpp */ = {isa = PBXFileReference; fileEncoding = 4; lastKnownFileType = sourcecode.cpp.cpp; path = global.cpp; sourceTree = "<group>"; };
		D28BAEFE16B5FD0200578956 /* global.h */ = {isa = PBXFileReference; fileEncoding = 4; lastKnownFileType = sourcecode.c.h; path = global.h; sourceTree = "<group>"; };
		D28BAF0016B5FDDA00578956 /* config.cpp */ = {isa = PBXFileReference; fileEncoding = 4; lastKnownFileType = sourcecode.cpp.cpp; path = config.cpp; sourceTree = "<group>"; };
		D28BAF0116B5FDDA00578956 /* config.h */ = {isa = PBXFileReference; fileEncoding = 4; lastKnownFileType = sourcecode.c.h; path = config.h; sourceTree = "<group>"; };
		D28BAF0316B5FEB500578956 /* libconfig++.a */ = {isa = PBXFileReference; lastKnownFileType = archive.ar; name = "libconfig++.a"; path = "../../macports/lib/libconfig++.a"; sourceTree = "<group>"; };
		D28BAF0516B600D900578956 /* config.in */ = {isa = PBXFileReference; lastKnownFileType = text; path = config.in; sourceTree = "<group>"; };
		D28BAF0616B601AB00578956 /* scalar-field.h */ = {isa = PBXFileReference; lastKnownFileType = sourcecode.c.h; path = "scalar-field.h"; sourceTree = "<group>"; };
		D28BAF1216B604B900578956 /* test */ = {isa = PBXFileReference; explicitFileType = "compiled.mach-o.executable"; includeInIndex = 0; path = test; sourceTree = BUILT_PRODUCTS_DIR; };
		D28BAF1416B604F200578956 /* test.cpp */ = {isa = PBXFileReference; fileEncoding = 4; lastKnownFileType = sourcecode.cpp.cpp; path = test.cpp; sourceTree = "<group>"; };
		D28BAF1616B6080A00578956 /* three-vector.h */ = {isa = PBXFileReference; fileEncoding = 4; lastKnownFileType = sourcecode.c.h; path = "three-vector.h"; sourceTree = "<group>"; };
		D28BAF1716B608BC00578956 /* vector-field.h */ = {isa = PBXFileReference; fileEncoding = 4; lastKnownFileType = sourcecode.c.h; path = "vector-field.h"; sourceTree = "<group>"; };
		D28BAF1816B60B3800578956 /* barrier.cpp */ = {isa = PBXFileReference; fileEncoding = 4; lastKnownFileType = sourcecode.cpp.cpp; path = barrier.cpp; sourceTree = "<group>"; };
		D28BAF1916B60B3800578956 /* barrier.h */ = {isa = PBXFileReference; fileEncoding = 4; lastKnownFileType = sourcecode.c.h; path = barrier.h; sourceTree = "<group>"; };
		D2915FC816B5F7FE0084A612 /* main.cpp */ = {isa = PBXFileReference; lastKnownFileType = sourcecode.cpp.cpp; path = main.cpp; sourceTree = "<group>"; };
		D2915FD116B5F8170084A612 /* vf-pic */ = {isa = PBXFileReference; explicitFileType = "compiled.mach-o.executable"; includeInIndex = 0; path = "vf-pic"; sourceTree = BUILT_PRODUCTS_DIR; };
		D2C6827D16B9DF600023FB36 /* faraday.h */ = {isa = PBXFileReference; lastKnownFileType = sourcecode.c.h; path = faraday.h; sourceTree = "<group>"; };
		D2C6827E16B9EBA30023FB36 /* diffops.h */ = {isa = PBXFileReference; fileEncoding = 4; lastKnownFileType = sourcecode.c.h; path = diffops.h; sourceTree = "<group>"; };
		D2C6828016BB7EB30023FB36 /* boundaries.cpp */ = {isa = PBXFileReference; fileEncoding = 4; lastKnownFileType = sourcecode.cpp.cpp; path = boundaries.cpp; sourceTree = "<group>"; };
		D2C6828116BB7EB40023FB36 /* boundaries.h */ = {isa = PBXFileReference; fileEncoding = 4; lastKnownFileType = sourcecode.c.h; path = boundaries.h; sourceTree = "<group>"; };
		D2C6828816BB9CAC0023FB36 /* drift-kick.cpp */ = {isa = PBXFileReference; fileEncoding = 4; lastKnownFileType = sourcecode.cpp.cpp; path = "drift-kick.cpp"; sourceTree = "<group>"; };
		D2C6828916BB9CAC0023FB36 /* drift-kick.h */ = {isa = PBXFileReference; fileEncoding = 4; lastKnownFileType = sourcecode.c.h; path = "drift-kick.h"; sourceTree = "<group>"; };
		D2F90E4816B734C700ABDA86 /* jacobi.py */ = {isa = PBXFileReference; lastKnownFileType = text.script.python; path = jacobi.py; sourceTree = "<group>"; };
		D2F90E4A16B7375900ABDA86 /* vfpic.py */ = {isa = PBXFileReference; lastKnownFileType = text.script.python; path = vfpic.py; sourceTree = "<group>"; };
		D2F90E4B16B73ED400ABDA86 /* Makefile */ = {isa = PBXFileReference; lastKnownFileType = sourcecode.make; path = Makefile; sourceTree = "<group>"; };
		D2F90E4C16B73FE300ABDA86 /* local.mk */ = {isa = PBXFileReference; lastKnownFileType = text; path = local.mk; sourceTree = "<group>"; };
		D2F90E5216B748E900ABDA86 /* particles.h */ = {isa = PBXFileReference; fileEncoding = 4; lastKnownFileType = sourcecode.c.h; path = particles.h; sourceTree = "<group>"; };
/* End PBXFileReference section */

/* Begin PBXFrameworksBuildPhase section */
		D203819B16BCF1FD008755DC /* Frameworks */ = {
			isa = PBXFrameworksBuildPhase;
			buildActionMask = 2147483647;
			files = (
				D203819C16BCF1FD008755DC /* libconfig++.a in Frameworks */,
			);
			runOnlyForDeploymentPostprocessing = 0;
		};
		D24BC37116B64B1A006C64A3 /* Frameworks */ = {
			isa = PBXFrameworksBuildPhase;
			buildActionMask = 2147483647;
			files = (
				D24BC37216B64B1A006C64A3 /* libconfig++.a in Frameworks */,
			);
			runOnlyForDeploymentPostprocessing = 0;
		};
		D28BAF0C16B604B900578956 /* Frameworks */ = {
			isa = PBXFrameworksBuildPhase;
			buildActionMask = 2147483647;
			files = (
				D28BAF0D16B604B900578956 /* libconfig++.a in Frameworks */,
			);
			runOnlyForDeploymentPostprocessing = 0;
		};
		D2915FCC16B5F8170084A612 /* Frameworks */ = {
			isa = PBXFrameworksBuildPhase;
			buildActionMask = 2147483647;
			files = (
				D28BAF0416B5FEB500578956 /* libconfig++.a in Frameworks */,
			);
			runOnlyForDeploymentPostprocessing = 0;
		};
/* End PBXFrameworksBuildPhase section */

/* Begin PBXGroup section */
		D2915FA416B5F56A0084A612 = {
			isa = PBXGroup;
			children = (
				D2F90E4B16B73ED400ABDA86 /* Makefile */,
				D28BAF0316B5FEB500578956 /* libconfig++.a */,
				D28BAF1816B60B3800578956 /* barrier.cpp */,
				D2C6828016BB7EB30023FB36 /* boundaries.cpp */,
				D28BAF0016B5FDDA00578956 /* config.cpp */,
				D2C6828816BB9CAC0023FB36 /* drift-kick.cpp */,
				D28BAEFD16B5FD0200578956 /* global.cpp */,
				D25C8DB216B89B6600B0A607 /* grid.cpp */,
				D24BC37916B64B92006C64A3 /* jacobi.cpp */,
				D2915FC816B5F7FE0084A612 /* main.cpp */,
				D20381A216BCF25A008755DC /* sse.cpp */,
				D28BAF1416B604F200578956 /* test.cpp */,
				D28BAF1916B60B3800578956 /* barrier.h */,
				D2C6828116BB7EB40023FB36 /* boundaries.h */,
				D28BAF0116B5FDDA00578956 /* config.h */,
				D2C6827E16B9EBA30023FB36 /* diffops.h */,
				D2C6828916BB9CAC0023FB36 /* drift-kick.h */,
				D2C6827D16B9DF600023FB36 /* faraday.h */,
				D28BAEFE16B5FD0200578956 /* global.h */,
				D25C8DB316B89B6600B0A607 /* grid.h */,
				D28BAEFB16B5FB4500578956 /* param.h */,
				D2F90E5216B748E900ABDA86 /* particles.h */,
				D28BAF0616B601AB00578956 /* scalar-field.h */,
				D20381BB16BDFE20008755DC /* sources.h */,
				D28BAF1616B6080A00578956 /* three-vector.h */,
				D28BAF1716B608BC00578956 /* vector-field.h */,
				D28BAF0516B600D900578956 /* config.in */,
				D2F90E4C16B73FE300ABDA86 /* local.mk */,
				D2F90E4816B734C700ABDA86 /* jacobi.py */,
				D2F90E4A16B7375900ABDA86 /* vfpic.py */,
				D2915FB016B5F56A0084A612 /* Products */,
			);
			sourceTree = "<group>";
		};
		D2915FB016B5F56A0084A612 /* Products */ = {
			isa = PBXGroup;
			children = (
				D2915FD116B5F8170084A612 /* vf-pic */,
				D28BAF1216B604B900578956 /* test */,
				D24BC37716B64B1A006C64A3 /* jacobi */,
				D20381A116BCF1FD008755DC /* sse */,
			);
			name = Products;
			sourceTree = "<group>";
		};
/* End PBXGroup section */

/* Begin PBXNativeTarget section */
		D203819416BCF1FD008755DC /* sse */ = {
			isa = PBXNativeTarget;
			buildConfigurationList = D203819E16BCF1FD008755DC /* Build configuration list for PBXNativeTarget "sse" */;
			buildPhases = (
				D203819516BCF1FD008755DC /* Sources */,
				D203819B16BCF1FD008755DC /* Frameworks */,
				D203819D16BCF1FD008755DC /* CopyFiles */,
			);
			buildRules = (
			);
			dependencies = (
			);
			name = sse;
			productName = "vf-pic";
			productReference = D20381A116BCF1FD008755DC /* sse */;
			productType = "com.apple.product-type.tool";
		};
		D24BC36B16B64B1A006C64A3 /* jacobi */ = {
			isa = PBXNativeTarget;
			buildConfigurationList = D24BC37416B64B1A006C64A3 /* Build configuration list for PBXNativeTarget "jacobi" */;
			buildPhases = (
				D24BC36C16B64B1A006C64A3 /* Sources */,
				D24BC37116B64B1A006C64A3 /* Frameworks */,
				D24BC37316B64B1A006C64A3 /* CopyFiles */,
			);
			buildRules = (
			);
			dependencies = (
			);
			name = jacobi;
			productName = "vf-pic";
			productReference = D24BC37716B64B1A006C64A3 /* jacobi */;
			productType = "com.apple.product-type.tool";
		};
		D28BAF0716B604B900578956 /* test */ = {
			isa = PBXNativeTarget;
			buildConfigurationList = D28BAF0F16B604B900578956 /* Build configuration list for PBXNativeTarget "test" */;
			buildPhases = (
				D28BAF0816B604B900578956 /* Sources */,
				D28BAF0C16B604B900578956 /* Frameworks */,
				D28BAF0E16B604B900578956 /* CopyFiles */,
			);
			buildRules = (
			);
			dependencies = (
			);
			name = test;
			productName = "vf-pic";
			productReference = D28BAF1216B604B900578956 /* test */;
			productType = "com.apple.product-type.tool";
		};
		D2915FC916B5F8170084A612 /* vf-pic */ = {
			isa = PBXNativeTarget;
			buildConfigurationList = D2915FCE16B5F8170084A612 /* Build configuration list for PBXNativeTarget "vf-pic" */;
			buildPhases = (
				D2915FCA16B5F8170084A612 /* Sources */,
				D2915FCC16B5F8170084A612 /* Frameworks */,
				D2915FCD16B5F8170084A612 /* CopyFiles */,
			);
			buildRules = (
			);
			dependencies = (
			);
			name = "vf-pic";
			productName = "vf-pic";
			productReference = D2915FD116B5F8170084A612 /* vf-pic */;
			productType = "com.apple.product-type.tool";
		};
/* End PBXNativeTarget section */

/* Begin PBXProject section */
		D2915FA616B5F56A0084A612 /* Project object */ = {
			isa = PBXProject;
			attributes = {
				LastUpgradeCheck = 0450;
				ORGANIZATIONNAME = "Tobias Heinemann";
			};
			buildConfigurationList = D2915FA916B5F56A0084A612 /* Build configuration list for PBXProject "vf-pic" */;
			compatibilityVersion = "Xcode 3.2";
			developmentRegion = English;
			hasScannedForEncodings = 0;
			knownRegions = (
				en,
			);
			mainGroup = D2915FA416B5F56A0084A612;
			productRefGroup = D2915FB016B5F56A0084A612 /* Products */;
			projectDirPath = "";
			projectRoot = "";
			targets = (
				D2915FC916B5F8170084A612 /* vf-pic */,
				D28BAF0716B604B900578956 /* test */,
				D24BC36B16B64B1A006C64A3 /* jacobi */,
				D203819416BCF1FD008755DC /* sse */,
			);
		};
/* End PBXProject section */

/* Begin PBXSourcesBuildPhase section */
		D203819516BCF1FD008755DC /* Sources */ = {
			isa = PBXSourcesBuildPhase;
			buildActionMask = 2147483647;
			files = (
				D20381A416BCF25A008755DC /* sse.cpp in Sources */,
			);
			runOnlyForDeploymentPostprocessing = 0;
		};
		D24BC36C16B64B1A006C64A3 /* Sources */ = {
			isa = PBXSourcesBuildPhase;
			buildActionMask = 2147483647;
			files = (
				D24BC36D16B64B1A006C64A3 /* global.cpp in Sources */,
				D24BC36E16B64B1A006C64A3 /* config.cpp in Sources */,
				D24BC37016B64B1A006C64A3 /* barrier.cpp in Sources */,
				D24BC37A16B64B92006C64A3 /* jacobi.cpp in Sources */,
				D2C6828416BB7EB40023FB36 /* boundaries.cpp in Sources */,
			);
			runOnlyForDeploymentPostprocessing = 0;
		};
		D28BAF0816B604B900578956 /* Sources */ = {
			isa = PBXSourcesBuildPhase;
			buildActionMask = 2147483647;
			files = (
				D28BAF0A16B604B900578956 /* global.cpp in Sources */,
				D28BAF0B16B604B900578956 /* config.cpp in Sources */,
				D28BAF1516B604F200578956 /* test.cpp in Sources */,
				D28BAF1B16B60B3800578956 /* barrier.cpp in Sources */,
				D2C6828316BB7EB40023FB36 /* boundaries.cpp in Sources */,
			);
			runOnlyForDeploymentPostprocessing = 0;
		};
		D2915FCA16B5F8170084A612 /* Sources */ = {
			isa = PBXSourcesBuildPhase;
			buildActionMask = 2147483647;
			files = (
				D2915FD316B5F8280084A612 /* main.cpp in Sources */,
				D28BAEFF16B5FD0200578956 /* global.cpp in Sources */,
				D28BAF0216B5FDDA00578956 /* config.cpp in Sources */,
				D28BAF1A16B60B3800578956 /* barrier.cpp in Sources */,
				D25C8DB416B89B6600B0A607 /* grid.cpp in Sources */,
				D2C6828216BB7EB40023FB36 /* boundaries.cpp in Sources */,
				D2C6828A16BB9CAC0023FB36 /* drift-kick.cpp in Sources */,
			);
			runOnlyForDeploymentPostprocessing = 0;
		};
/* End PBXSourcesBuildPhase section */

/* Begin XCBuildConfiguration section */
		D203819F16BCF1FD008755DC /* Debug */ = {
			isa = XCBuildConfiguration;
			buildSettings = {
				GCC_VERSION = "";
				HEADER_SEARCH_PATHS = /Users/tobi/macports/include;
				LIBRARY_SEARCH_PATHS = (
					"$(inherited)",
					"\"$(SRCROOT)/../../macports/lib\"",
				);
				PRODUCT_NAME = sse;
			};
			name = Debug;
		};
		D20381A016BCF1FD008755DC /* Release */ = {
			isa = XCBuildConfiguration;
			buildSettings = {
				GCC_VERSION = "";
				HEADER_SEARCH_PATHS = /Users/tobi/macports/include;
				LIBRARY_SEARCH_PATHS = (
					"$(inherited)",
					"\"$(SRCROOT)/../../macports/lib\"",
				);
				PRODUCT_NAME = sse;
			};
			name = Release;
		};
		D24BC37516B64B1A006C64A3 /* Debug */ = {
			isa = XCBuildConfiguration;
			buildSettings = {
				LIBRARY_SEARCH_PATHS = (
					"$(inherited)",
					"\"$(SRCROOT)/../../macports/lib\"",
				);
				PRODUCT_NAME = jacobi;
			};
			name = Debug;
		};
		D24BC37616B64B1A006C64A3 /* Release */ = {
			isa = XCBuildConfiguration;
			buildSettings = {
				LIBRARY_SEARCH_PATHS = (
					"$(inherited)",
					"\"$(SRCROOT)/../../macports/lib\"",
				);
				PRODUCT_NAME = jacobi;
			};
			name = Release;
		};
		D28BAF1016B604B900578956 /* Debug */ = {
			isa = XCBuildConfiguration;
			buildSettings = {
				GCC_VERSION = "";
				LIBRARY_SEARCH_PATHS = (
					"$(inherited)",
					"\"$(SRCROOT)/../../macports/lib\"",
				);
				PRODUCT_NAME = test;
			};
			name = Debug;
		};
		D28BAF1116B604B900578956 /* Release */ = {
			isa = XCBuildConfiguration;
			buildSettings = {
				GCC_VERSION = "";
				LIBRARY_SEARCH_PATHS = (
					"$(inherited)",
					"\"$(SRCROOT)/../../macports/lib\"",
				);
				PRODUCT_NAME = test;
			};
			name = Release;
		};
		D2915FB716B5F56A0084A612 /* Debug */ = {
			isa = XCBuildConfiguration;
			buildSettings = {
				ALWAYS_SEARCH_USER_PATHS = NO;
				ARCHS = "$(ARCHS_STANDARD_64_BIT)";
				CLANG_CXX_LANGUAGE_STANDARD = "gnu++0x";
				CLANG_CXX_LIBRARY = "libc++";
				CLANG_ENABLE_OBJC_ARC = YES;
				CLANG_WARN_EMPTY_BODY = YES;
				CLANG_WARN__DUPLICATE_METHOD_MATCH = YES;
				COPY_PHASE_STRIP = NO;
				GCC_C_LANGUAGE_STANDARD = gnu99;
				GCC_DYNAMIC_NO_PIC = NO;
				GCC_ENABLE_OBJC_EXCEPTIONS = YES;
				GCC_OPTIMIZATION_LEVEL = 0;
				GCC_PREPROCESSOR_DEFINITIONS = (
					"DEBUG=1",
					"$(inherited)",
				);
				GCC_SYMBOLS_PRIVATE_EXTERN = NO;
				GCC_WARN_64_TO_32_BIT_CONVERSION = YES;
				GCC_WARN_ABOUT_RETURN_TYPE = YES;
				GCC_WARN_UNINITIALIZED_AUTOS = YES;
				GCC_WARN_UNUSED_VARIABLE = YES;
				HEADER_SEARCH_PATHS = /Users/tobi/macports/include;
				MACOSX_DEPLOYMENT_TARGET = 10.8;
				ONLY_ACTIVE_ARCH = YES;
				SDKROOT = macosx;
			};
			name = Debug;
		};
		D2915FB816B5F56A0084A612 /* Release */ = {
			isa = XCBuildConfiguration;
			buildSettings = {
				ALWAYS_SEARCH_USER_PATHS = NO;
				ARCHS = "$(ARCHS_STANDARD_64_BIT)";
				CLANG_CXX_LANGUAGE_STANDARD = "gnu++0x";
				CLANG_CXX_LIBRARY = "libc++";
				CLANG_ENABLE_OBJC_ARC = YES;
				CLANG_WARN_EMPTY_BODY = YES;
				CLANG_WARN__DUPLICATE_METHOD_MATCH = YES;
				COPY_PHASE_STRIP = YES;
				DEBUG_INFORMATION_FORMAT = "dwarf-with-dsym";
				GCC_C_LANGUAGE_STANDARD = gnu99;
				GCC_ENABLE_OBJC_EXCEPTIONS = YES;
				GCC_WARN_64_TO_32_BIT_CONVERSION = YES;
				GCC_WARN_ABOUT_RETURN_TYPE = YES;
				GCC_WARN_UNINITIALIZED_AUTOS = YES;
				GCC_WARN_UNUSED_VARIABLE = YES;
				HEADER_SEARCH_PATHS = /Users/tobi/macports/include;
				MACOSX_DEPLOYMENT_TARGET = 10.8;
				SDKROOT = macosx;
			};
			name = Release;
		};
		D2915FCF16B5F8170084A612 /* Debug */ = {
			isa = XCBuildConfiguration;
			buildSettings = {
				LIBRARY_SEARCH_PATHS = (
					"$(inherited)",
					"\"$(SRCROOT)/../../macports/lib\"",
				);
				PRODUCT_NAME = "vf-pic";
			};
			name = Debug;
		};
		D2915FD016B5F8170084A612 /* Release */ = {
			isa = XCBuildConfiguration;
			buildSettings = {
				LIBRARY_SEARCH_PATHS = (
					"$(inherited)",
					"\"$(SRCROOT)/../../macports/lib\"",
				);
				PRODUCT_NAME = "vf-pic";
			};
			name = Release;
		};
/* End XCBuildConfiguration section */

/* Begin XCConfigurationList section */
		D203819E16BCF1FD008755DC /* Build configuration list for PBXNativeTarget "sse" */ = {
			isa = XCConfigurationList;
			buildConfigurations = (
				D203819F16BCF1FD008755DC /* Debug */,
				D20381A016BCF1FD008755DC /* Release */,
			);
			defaultConfigurationIsVisible = 0;
			defaultConfigurationName = Release;
		};
		D24BC37416B64B1A006C64A3 /* Build configuration list for PBXNativeTarget "jacobi" */ = {
			isa = XCConfigurationList;
			buildConfigurations = (
				D24BC37516B64B1A006C64A3 /* Debug */,
				D24BC37616B64B1A006C64A3 /* Release */,
			);
			defaultConfigurationIsVisible = 0;
			defaultConfigurationName = Release;
		};
		D28BAF0F16B604B900578956 /* Build configuration list for PBXNativeTarget "test" */ = {
			isa = XCConfigurationList;
			buildConfigurations = (
				D28BAF1016B604B900578956 /* Debug */,
				D28BAF1116B604B900578956 /* Release */,
			);
			defaultConfigurationIsVisible = 0;
			defaultConfigurationName = Release;
		};
		D2915FA916B5F56A0084A612 /* Build configuration list for PBXProject "vf-pic" */ = {
			isa = XCConfigurationList;
			buildConfigurations = (
				D2915FB716B5F56A0084A612 /* Debug */,
				D2915FB816B5F56A0084A612 /* Release */,
			);
			defaultConfigurationIsVisible = 0;
			defaultConfigurationName = Release;
		};
		D2915FCE16B5F8170084A612 /* Build configuration list for PBXNativeTarget "vf-pic" */ = {
			isa = XCConfigurationList;
			buildConfigurations = (
				D2915FCF16B5F8170084A612 /* Debug */,
				D2915FD016B5F8170084A612 /* Release */,
			);
			defaultConfigurationIsVisible = 0;
			defaultConfigurationName = Release;
		};
/* End XCConfigurationList section */
	};
	rootObject = D2915FA616B5F56A0084A612 /* Project object */;
}
