// !$*UTF8*$!
{
	archiveVersion = 1;
	classes = {
	};
	objectVersion = 46;
	objects = {

/* Begin PBXBuildFile section */
		D20AF13216E15E6300D0B031 /* shearing-periodic.cpp in Sources */ = {isa = PBXBuildFile; fileRef = D2AF715116DFED5700F34A67 /* shearing-periodic.cpp */; };
		D20AF13316E15E6300D0B031 /* main.cpp in Sources */ = {isa = PBXBuildFile; fileRef = D2915FC816B5F7FE0084A612 /* main.cpp */; };
		D20AF13416E15E6300D0B031 /* global.cpp in Sources */ = {isa = PBXBuildFile; fileRef = D28BAEFD16B5FD0200578956 /* global.cpp */; };
		D20AF13516E15E6300D0B031 /* config.cpp in Sources */ = {isa = PBXBuildFile; fileRef = D28BAF0016B5FDDA00578956 /* config.cpp */; };
		D20AF13616E15E6300D0B031 /* barrier.cpp in Sources */ = {isa = PBXBuildFile; fileRef = D28BAF1816B60B3800578956 /* barrier.cpp */; };
		D20AF13716E15E6300D0B031 /* grid.cpp in Sources */ = {isa = PBXBuildFile; fileRef = D25C8DB216B89B6600B0A607 /* grid.cpp */; };
		D20AF13816E15E6300D0B031 /* boundaries.cpp in Sources */ = {isa = PBXBuildFile; fileRef = D2C6828016BB7EB30023FB36 /* boundaries.cpp */; };
		D20AF13916E15E6300D0B031 /* kick.cpp in Sources */ = {isa = PBXBuildFile; fileRef = D2C6828816BB9CAC0023FB36 /* kick.cpp */; };
		D20AF13A16E15E6300D0B031 /* deposit.cpp in Sources */ = {isa = PBXBuildFile; fileRef = D20381BC16BE0195008755DC /* deposit.cpp */; };
		D20AF13B16E15E6300D0B031 /* ohm.cpp in Sources */ = {isa = PBXBuildFile; fileRef = D206FBFB16C1C31C008BD080 /* ohm.cpp */; };
		D20AF13C16E15E6300D0B031 /* faraday.cpp in Sources */ = {isa = PBXBuildFile; fileRef = D206FC0316C62E3D008BD080 /* faraday.cpp */; };
		D20AF13D16E15E6300D0B031 /* drift.cpp in Sources */ = {isa = PBXBuildFile; fileRef = D206FC1016CA14D1008BD080 /* drift.cpp */; };
		D20AF13E16E15E6300D0B031 /* output.cpp in Sources */ = {isa = PBXBuildFile; fileRef = D270B39C16CEDC1B00DFCE2F /* output.cpp */; };
		D20AF14516E15E8200D0B031 /* noise.cpp in Sources */ = {isa = PBXBuildFile; fileRef = D20AF12A16E15ADE00D0B031 /* noise.cpp */; };
		D218893316E6E1B1006800C5 /* periodic.cpp in Sources */ = {isa = PBXBuildFile; fileRef = D25D22B916DFE028001A44F4 /* periodic.cpp */; };
		D218893416E6E1B1006800C5 /* main.cpp in Sources */ = {isa = PBXBuildFile; fileRef = D2915FC816B5F7FE0084A612 /* main.cpp */; };
		D218893516E6E1B1006800C5 /* global.cpp in Sources */ = {isa = PBXBuildFile; fileRef = D28BAEFD16B5FD0200578956 /* global.cpp */; };
		D218893616E6E1B1006800C5 /* config.cpp in Sources */ = {isa = PBXBuildFile; fileRef = D28BAF0016B5FDDA00578956 /* config.cpp */; };
		D218893716E6E1B1006800C5 /* barrier.cpp in Sources */ = {isa = PBXBuildFile; fileRef = D28BAF1816B60B3800578956 /* barrier.cpp */; };
		D218893816E6E1B1006800C5 /* grid.cpp in Sources */ = {isa = PBXBuildFile; fileRef = D25C8DB216B89B6600B0A607 /* grid.cpp */; };
		D218893916E6E1B1006800C5 /* boundaries.cpp in Sources */ = {isa = PBXBuildFile; fileRef = D2C6828016BB7EB30023FB36 /* boundaries.cpp */; };
		D218893A16E6E1B1006800C5 /* kick.cpp in Sources */ = {isa = PBXBuildFile; fileRef = D2C6828816BB9CAC0023FB36 /* kick.cpp */; };
		D218893B16E6E1B1006800C5 /* deposit.cpp in Sources */ = {isa = PBXBuildFile; fileRef = D20381BC16BE0195008755DC /* deposit.cpp */; };
		D218893C16E6E1B1006800C5 /* ohm.cpp in Sources */ = {isa = PBXBuildFile; fileRef = D206FBFB16C1C31C008BD080 /* ohm.cpp */; };
		D218893D16E6E1B1006800C5 /* faraday.cpp in Sources */ = {isa = PBXBuildFile; fileRef = D206FC0316C62E3D008BD080 /* faraday.cpp */; };
		D218893E16E6E1B1006800C5 /* drift.cpp in Sources */ = {isa = PBXBuildFile; fileRef = D206FC1016CA14D1008BD080 /* drift.cpp */; };
		D218893F16E6E1B1006800C5 /* output.cpp in Sources */ = {isa = PBXBuildFile; fileRef = D270B39C16CEDC1B00DFCE2F /* output.cpp */; };
		D218894916E6E29E006800C5 /* warm-circular-wave.cpp in Sources */ = {isa = PBXBuildFile; fileRef = D218892E16E6E166006800C5 /* warm-circular-wave.cpp */; };
		D218894D16E6E785006800C5 /* Faddeeva.cc in Sources */ = {isa = PBXBuildFile; fileRef = D218894B16E6E785006800C5 /* Faddeeva.cc */; };
		D218894E16E6E796006800C5 /* Faddeeva.cc in Sources */ = {isa = PBXBuildFile; fileRef = D218894B16E6E785006800C5 /* Faddeeva.cc */; };
		D24BC36D16B64B1A006C64A3 /* global.cpp in Sources */ = {isa = PBXBuildFile; fileRef = D28BAEFD16B5FD0200578956 /* global.cpp */; };
		D24BC36E16B64B1A006C64A3 /* config.cpp in Sources */ = {isa = PBXBuildFile; fileRef = D28BAF0016B5FDDA00578956 /* config.cpp */; };
		D24BC37016B64B1A006C64A3 /* barrier.cpp in Sources */ = {isa = PBXBuildFile; fileRef = D28BAF1816B60B3800578956 /* barrier.cpp */; };
		D257D92816EC2EC50023E828 /* misc.cpp in Sources */ = {isa = PBXBuildFile; fileRef = D257D92616EC2EC50023E828 /* misc.cpp */; };
		D2ABD94716DEEFC4000D369B /* main.cpp in Sources */ = {isa = PBXBuildFile; fileRef = D2915FC816B5F7FE0084A612 /* main.cpp */; };
		D2ABD94816DEEFC4000D369B /* global.cpp in Sources */ = {isa = PBXBuildFile; fileRef = D28BAEFD16B5FD0200578956 /* global.cpp */; };
		D2ABD94916DEEFC4000D369B /* config.cpp in Sources */ = {isa = PBXBuildFile; fileRef = D28BAF0016B5FDDA00578956 /* config.cpp */; };
		D2ABD94A16DEEFC4000D369B /* barrier.cpp in Sources */ = {isa = PBXBuildFile; fileRef = D28BAF1816B60B3800578956 /* barrier.cpp */; };
		D2ABD94B16DEEFC4000D369B /* grid.cpp in Sources */ = {isa = PBXBuildFile; fileRef = D25C8DB216B89B6600B0A607 /* grid.cpp */; };
		D2ABD94C16DEEFC4000D369B /* boundaries.cpp in Sources */ = {isa = PBXBuildFile; fileRef = D2C6828016BB7EB30023FB36 /* boundaries.cpp */; };
		D2ABD94D16DEEFC4000D369B /* kick.cpp in Sources */ = {isa = PBXBuildFile; fileRef = D2C6828816BB9CAC0023FB36 /* kick.cpp */; };
		D2ABD94E16DEEFC4000D369B /* deposit.cpp in Sources */ = {isa = PBXBuildFile; fileRef = D20381BC16BE0195008755DC /* deposit.cpp */; };
		D2ABD94F16DEEFC4000D369B /* ohm.cpp in Sources */ = {isa = PBXBuildFile; fileRef = D206FBFB16C1C31C008BD080 /* ohm.cpp */; };
		D2ABD95016DEEFC4000D369B /* faraday.cpp in Sources */ = {isa = PBXBuildFile; fileRef = D206FC0316C62E3D008BD080 /* faraday.cpp */; };
		D2ABD95116DEEFC4000D369B /* drift.cpp in Sources */ = {isa = PBXBuildFile; fileRef = D206FC1016CA14D1008BD080 /* drift.cpp */; };
		D2ABD95216DEEFC4000D369B /* output.cpp in Sources */ = {isa = PBXBuildFile; fileRef = D270B39C16CEDC1B00DFCE2F /* output.cpp */; };
		D2AF715016DFE7D200F34A67 /* periodic.cpp in Sources */ = {isa = PBXBuildFile; fileRef = D25D22B916DFE028001A44F4 /* periodic.cpp */; };
		D2AF715316DFF2B600F34A67 /* shearing-periodic.cpp in Sources */ = {isa = PBXBuildFile; fileRef = D2AF715116DFED5700F34A67 /* shearing-periodic.cpp */; };
		D2AF715816E02E4900F34A67 /* circular-wave.cpp in Sources */ = {isa = PBXBuildFile; fileRef = D2AF715516E02DCB00F34A67 /* circular-wave.cpp */; };
		D2AF715B16E02F4A00F34A67 /* cold-mri.cpp in Sources */ = {isa = PBXBuildFile; fileRef = D2AF715916E02EC400F34A67 /* cold-mri.cpp */; };
		D2AF715C16E030C800F34A67 /* periodic.cpp in Sources */ = {isa = PBXBuildFile; fileRef = D25D22B916DFE028001A44F4 /* periodic.cpp */; };
		D2AF716116E052F800F34A67 /* jacobi.cpp in Sources */ = {isa = PBXBuildFile; fileRef = D2AF716016E052F800F34A67 /* jacobi.cpp */; };
		D2AF716B16E0645700F34A67 /* main.cpp in Sources */ = {isa = PBXBuildFile; fileRef = D2AF716A16E0645700F34A67 /* main.cpp */; };
		D2C6828416BB7EB40023FB36 /* boundaries.cpp in Sources */ = {isa = PBXBuildFile; fileRef = D2C6828016BB7EB30023FB36 /* boundaries.cpp */; };
		D2F7CF7016DEE31500F064CF /* main.cpp in Sources */ = {isa = PBXBuildFile; fileRef = D2915FC816B5F7FE0084A612 /* main.cpp */; };
		D2F7CF7116DEE31500F064CF /* global.cpp in Sources */ = {isa = PBXBuildFile; fileRef = D28BAEFD16B5FD0200578956 /* global.cpp */; };
		D2F7CF7216DEE31500F064CF /* config.cpp in Sources */ = {isa = PBXBuildFile; fileRef = D28BAF0016B5FDDA00578956 /* config.cpp */; };
		D2F7CF7316DEE31500F064CF /* barrier.cpp in Sources */ = {isa = PBXBuildFile; fileRef = D28BAF1816B60B3800578956 /* barrier.cpp */; };
		D2F7CF7416DEE31500F064CF /* grid.cpp in Sources */ = {isa = PBXBuildFile; fileRef = D25C8DB216B89B6600B0A607 /* grid.cpp */; };
		D2F7CF7516DEE31500F064CF /* boundaries.cpp in Sources */ = {isa = PBXBuildFile; fileRef = D2C6828016BB7EB30023FB36 /* boundaries.cpp */; };
		D2F7CF7616DEE31500F064CF /* kick.cpp in Sources */ = {isa = PBXBuildFile; fileRef = D2C6828816BB9CAC0023FB36 /* kick.cpp */; };
		D2F7CF7716DEE31500F064CF /* deposit.cpp in Sources */ = {isa = PBXBuildFile; fileRef = D20381BC16BE0195008755DC /* deposit.cpp */; };
		D2F7CF7816DEE31500F064CF /* ohm.cpp in Sources */ = {isa = PBXBuildFile; fileRef = D206FBFB16C1C31C008BD080 /* ohm.cpp */; };
		D2F7CF7916DEE31500F064CF /* faraday.cpp in Sources */ = {isa = PBXBuildFile; fileRef = D206FC0316C62E3D008BD080 /* faraday.cpp */; };
		D2F7CF7B16DEE31500F064CF /* drift.cpp in Sources */ = {isa = PBXBuildFile; fileRef = D206FC1016CA14D1008BD080 /* drift.cpp */; };
		D2F7CF7C16DEE31500F064CF /* output.cpp in Sources */ = {isa = PBXBuildFile; fileRef = D270B39C16CEDC1B00DFCE2F /* output.cpp */; };
/* End PBXBuildFile section */

/* Begin PBXCopyFilesBuildPhase section */
		D20AF14016E15E6300D0B031 /* CopyFiles */ = {
			isa = PBXCopyFilesBuildPhase;
			buildActionMask = 2147483647;
			dstPath = /usr/share/man/man1/;
			dstSubfolderSpec = 0;
			files = (
			);
			runOnlyForDeploymentPostprocessing = 1;
		};
		D218894116E6E1B1006800C5 /* CopyFiles */ = {
			isa = PBXCopyFilesBuildPhase;
			buildActionMask = 2147483647;
			dstPath = /usr/share/man/man1/;
			dstSubfolderSpec = 0;
			files = (
			);
			runOnlyForDeploymentPostprocessing = 1;
		};
		D24BC37316B64B1A006C64A3 /* CopyFiles */ = {
			isa = PBXCopyFilesBuildPhase;
			buildActionMask = 2147483647;
			dstPath = /usr/share/man/man1/;
			dstSubfolderSpec = 0;
			files = (
			);
			runOnlyForDeploymentPostprocessing = 1;
		};
		D2ABD95416DEEFC4000D369B /* CopyFiles */ = {
			isa = PBXCopyFilesBuildPhase;
			buildActionMask = 2147483647;
			dstPath = /usr/share/man/man1/;
			dstSubfolderSpec = 0;
			files = (
			);
			runOnlyForDeploymentPostprocessing = 1;
		};
		D2AF716616E0645700F34A67 /* CopyFiles */ = {
			isa = PBXCopyFilesBuildPhase;
			buildActionMask = 2147483647;
			dstPath = /usr/share/man/man1/;
			dstSubfolderSpec = 0;
			files = (
			);
			runOnlyForDeploymentPostprocessing = 1;
		};
		D2F7CF7F16DEE31500F064CF /* CopyFiles */ = {
			isa = PBXCopyFilesBuildPhase;
			buildActionMask = 2147483647;
			dstPath = /usr/share/man/man1/;
			dstSubfolderSpec = 0;
			files = (
			);
			runOnlyForDeploymentPostprocessing = 1;
		};
/* End PBXCopyFilesBuildPhase section */

/* Begin PBXFileReference section */
		D20381BC16BE0195008755DC /* deposit.cpp */ = {isa = PBXFileReference; fileEncoding = 4; lastKnownFileType = sourcecode.cpp.cpp; name = deposit.cpp; path = src/deposit.cpp; sourceTree = SOURCE_ROOT; };
		D20381BD16BE0195008755DC /* deposit.h */ = {isa = PBXFileReference; fileEncoding = 4; lastKnownFileType = sourcecode.c.h; name = deposit.h; path = src/deposit.h; sourceTree = SOURCE_ROOT; };
		D206FBFB16C1C31C008BD080 /* ohm.cpp */ = {isa = PBXFileReference; fileEncoding = 4; lastKnownFileType = sourcecode.cpp.cpp; name = ohm.cpp; path = src/ohm.cpp; sourceTree = SOURCE_ROOT; };
		D206FBFC16C1C31C008BD080 /* ohm.h */ = {isa = PBXFileReference; fileEncoding = 4; lastKnownFileType = sourcecode.c.h; name = ohm.h; path = src/ohm.h; sourceTree = SOURCE_ROOT; };
		D206FC0116C3539F008BD080 /* math-helpers.h */ = {isa = PBXFileReference; lastKnownFileType = sourcecode.c.h; name = "math-helpers.h"; path = "src/math-helpers.h"; sourceTree = SOURCE_ROOT; };
		D206FC0316C62E3D008BD080 /* faraday.cpp */ = {isa = PBXFileReference; fileEncoding = 4; lastKnownFileType = sourcecode.cpp.cpp; name = faraday.cpp; path = src/faraday.cpp; sourceTree = SOURCE_ROOT; };
		D206FC0D16CA13A2008BD080 /* initial-condition.h */ = {isa = PBXFileReference; fileEncoding = 4; lastKnownFileType = sourcecode.c.h; name = "initial-condition.h"; path = "src/initial-condition.h"; sourceTree = SOURCE_ROOT; };
		D206FC1016CA14D1008BD080 /* drift.cpp */ = {isa = PBXFileReference; fileEncoding = 4; lastKnownFileType = sourcecode.cpp.cpp; name = drift.cpp; path = src/drift.cpp; sourceTree = SOURCE_ROOT; };
		D206FC1116CA14D2008BD080 /* drift.h */ = {isa = PBXFileReference; fileEncoding = 4; lastKnownFileType = sourcecode.c.h; name = drift.h; path = src/drift.h; sourceTree = SOURCE_ROOT; };
		D20AF12A16E15ADE00D0B031 /* noise.cpp */ = {isa = PBXFileReference; lastKnownFileType = sourcecode.cpp.cpp; path = noise.cpp; sourceTree = "<group>"; };
		D20AF12D16E15E0900D0B031 /* param.h */ = {isa = PBXFileReference; lastKnownFileType = sourcecode.c.h; path = param.h; sourceTree = "<group>"; };
		D20AF12E16E15E1900D0B031 /* problem.cfg */ = {isa = PBXFileReference; lastKnownFileType = text; path = problem.cfg; sourceTree = "<group>"; };
		D20AF14416E15E6300D0B031 /* cold-mri-noise */ = {isa = PBXFileReference; explicitFileType = "compiled.mach-o.executable"; includeInIndex = 0; path = "cold-mri-noise"; sourceTree = BUILT_PRODUCTS_DIR; };
		D218892A16E46572006800C5 /* growth-rate.py */ = {isa = PBXFileReference; fileEncoding = 4; lastKnownFileType = text.script.python; path = "growth-rate.py"; sourceTree = "<group>"; };
		D218892B16E465B1006800C5 /* circular-wave.py */ = {isa = PBXFileReference; fileEncoding = 4; lastKnownFileType = text.script.python; path = "circular-wave.py"; sourceTree = "<group>"; };
		D218892C16E465C9006800C5 /* growth-rate.py */ = {isa = PBXFileReference; fileEncoding = 4; lastKnownFileType = text.script.python; path = "growth-rate.py"; sourceTree = "<group>"; };
		D218892D16E465C9006800C5 /* mode.py */ = {isa = PBXFileReference; fileEncoding = 4; lastKnownFileType = text.script.python; path = mode.py; sourceTree = "<group>"; };
		D218892E16E6E166006800C5 /* warm-circular-wave.cpp */ = {isa = PBXFileReference; lastKnownFileType = sourcecode.cpp.cpp; path = "warm-circular-wave.cpp"; sourceTree = "<group>"; };
		D218894516E6E1B1006800C5 /* warm-circular-wave */ = {isa = PBXFileReference; explicitFileType = "compiled.mach-o.executable"; includeInIndex = 0; path = "warm-circular-wave"; sourceTree = BUILT_PRODUCTS_DIR; };
		D218894716E6E27A006800C5 /* param.h */ = {isa = PBXFileReference; fileEncoding = 4; lastKnownFileType = sourcecode.c.h; path = param.h; sourceTree = "<group>"; };
		D218894816E6E27A006800C5 /* problem.cfg */ = {isa = PBXFileReference; fileEncoding = 4; lastKnownFileType = text; path = problem.cfg; sourceTree = "<group>"; };
		D218894B16E6E785006800C5 /* Faddeeva.cc */ = {isa = PBXFileReference; fileEncoding = 4; lastKnownFileType = sourcecode.cpp.cpp; path = Faddeeva.cc; sourceTree = "<group>"; };
		D218894C16E6E785006800C5 /* Faddeeva.hh */ = {isa = PBXFileReference; fileEncoding = 4; lastKnownFileType = sourcecode.cpp.h; path = Faddeeva.hh; sourceTree = "<group>"; };
		D218894F16E8817E006800C5 /* mode.py */ = {isa = PBXFileReference; fileEncoding = 4; lastKnownFileType = text.script.python; path = mode.py; sourceTree = "<group>"; };
		D218895016E8817E006800C5 /* video.py */ = {isa = PBXFileReference; fileEncoding = 4; lastKnownFileType = text.script.python; path = video.py; sourceTree = "<group>"; };
		D24BC37716B64B1A006C64A3 /* jacobi */ = {isa = PBXFileReference; explicitFileType = "compiled.mach-o.executable"; includeInIndex = 0; path = jacobi; sourceTree = BUILT_PRODUCTS_DIR; };
		D257D92616EC2EC50023E828 /* misc.cpp */ = {isa = PBXFileReference; fileEncoding = 4; lastKnownFileType = sourcecode.cpp.cpp; path = misc.cpp; sourceTree = "<group>"; };
		D257D92716EC2EC50023E828 /* misc.h */ = {isa = PBXFileReference; fileEncoding = 4; lastKnownFileType = sourcecode.c.h; path = misc.h; sourceTree = "<group>"; };
		D25C8DB216B89B6600B0A607 /* grid.cpp */ = {isa = PBXFileReference; fileEncoding = 4; lastKnownFileType = sourcecode.cpp.cpp; name = grid.cpp; path = src/grid.cpp; sourceTree = SOURCE_ROOT; };
		D25C8DB316B89B6600B0A607 /* grid.h */ = {isa = PBXFileReference; fileEncoding = 4; lastKnownFileType = sourcecode.c.h; name = grid.h; path = src/grid.h; sourceTree = SOURCE_ROOT; };
		D25D22B916DFE028001A44F4 /* periodic.cpp */ = {isa = PBXFileReference; lastKnownFileType = sourcecode.cpp.cpp; path = periodic.cpp; sourceTree = "<group>"; };
		D270B39716CCCE8A00DFCE2F /* variables.h */ = {isa = PBXFileReference; lastKnownFileType = sourcecode.c.h; name = variables.h; path = src/variables.h; sourceTree = SOURCE_ROOT; };
		D270B39816CDE6AD00DFCE2F /* three-vector.h */ = {isa = PBXFileReference; lastKnownFileType = sourcecode.c.h; name = "three-vector.h"; path = "src/three-vector.h"; sourceTree = SOURCE_ROOT; };
		D270B39C16CEDC1B00DFCE2F /* output.cpp */ = {isa = PBXFileReference; fileEncoding = 4; lastKnownFileType = sourcecode.cpp.cpp; name = output.cpp; path = src/output.cpp; sourceTree = SOURCE_ROOT; };
		D270B39D16CEDC1B00DFCE2F /* output.h */ = {isa = PBXFileReference; fileEncoding = 4; lastKnownFileType = sourcecode.c.h; name = output.h; path = src/output.h; sourceTree = SOURCE_ROOT; };
		D28BAEFD16B5FD0200578956 /* global.cpp */ = {isa = PBXFileReference; fileEncoding = 4; lastKnownFileType = sourcecode.cpp.cpp; name = global.cpp; path = src/global.cpp; sourceTree = SOURCE_ROOT; };
		D28BAEFE16B5FD0200578956 /* global.h */ = {isa = PBXFileReference; fileEncoding = 4; lastKnownFileType = sourcecode.c.h; name = global.h; path = src/global.h; sourceTree = SOURCE_ROOT; };
		D28BAF0016B5FDDA00578956 /* config.cpp */ = {isa = PBXFileReference; fileEncoding = 4; lastKnownFileType = sourcecode.cpp.cpp; name = config.cpp; path = src/config.cpp; sourceTree = SOURCE_ROOT; };
		D28BAF0116B5FDDA00578956 /* config.h */ = {isa = PBXFileReference; fileEncoding = 4; lastKnownFileType = sourcecode.c.h; name = config.h; path = src/config.h; sourceTree = SOURCE_ROOT; };
		D28BAF0616B601AB00578956 /* scalar-field.h */ = {isa = PBXFileReference; lastKnownFileType = sourcecode.c.h; name = "scalar-field.h"; path = "src/scalar-field.h"; sourceTree = SOURCE_ROOT; };
		D28BAF1716B608BC00578956 /* vector-field.h */ = {isa = PBXFileReference; fileEncoding = 4; lastKnownFileType = sourcecode.c.h; name = "vector-field.h"; path = "src/vector-field.h"; sourceTree = SOURCE_ROOT; };
		D28BAF1816B60B3800578956 /* barrier.cpp */ = {isa = PBXFileReference; fileEncoding = 4; lastKnownFileType = sourcecode.cpp.cpp; name = barrier.cpp; path = src/barrier.cpp; sourceTree = SOURCE_ROOT; };
		D28BAF1916B60B3800578956 /* barrier.h */ = {isa = PBXFileReference; fileEncoding = 4; lastKnownFileType = sourcecode.c.h; name = barrier.h; path = src/barrier.h; sourceTree = SOURCE_ROOT; };
		D2915FC816B5F7FE0084A612 /* main.cpp */ = {isa = PBXFileReference; lastKnownFileType = sourcecode.cpp.cpp; name = main.cpp; path = src/main.cpp; sourceTree = SOURCE_ROOT; };
		D29BD8F716D35951000BD507 /* TODO */ = {isa = PBXFileReference; lastKnownFileType = text; path = TODO; sourceTree = "<group>"; };
		D29BF20C16D97E0B000BD507 /* cold-mri.py */ = {isa = PBXFileReference; fileEncoding = 4; lastKnownFileType = text.script.python; path = "cold-mri.py"; sourceTree = "<group>"; };
		D2ABD95816DEEFC5000D369B /* circular-wave */ = {isa = PBXFileReference; explicitFileType = "compiled.mach-o.executable"; includeInIndex = 0; path = "circular-wave"; sourceTree = BUILT_PRODUCTS_DIR; };
		D2AF715116DFED5700F34A67 /* shearing-periodic.cpp */ = {isa = PBXFileReference; lastKnownFileType = sourcecode.cpp.cpp; path = "shearing-periodic.cpp"; sourceTree = "<group>"; };
		D2AF715516E02DCB00F34A67 /* circular-wave.cpp */ = {isa = PBXFileReference; fileEncoding = 4; lastKnownFileType = sourcecode.cpp.cpp; path = "circular-wave.cpp"; sourceTree = "<group>"; };
		D2AF715916E02EC400F34A67 /* cold-mri.cpp */ = {isa = PBXFileReference; lastKnownFileType = sourcecode.cpp.cpp; path = "cold-mri.cpp"; sourceTree = "<group>"; };
		D2AF715D16E0375800F34A67 /* param.h */ = {isa = PBXFileReference; lastKnownFileType = sourcecode.c.h; path = param.h; sourceTree = "<group>"; };
		D2AF715E16E0379E00F34A67 /* param.h */ = {isa = PBXFileReference; lastKnownFileType = sourcecode.c.h; path = param.h; sourceTree = "<group>"; };
		D2AF716016E052F800F34A67 /* jacobi.cpp */ = {isa = PBXFileReference; fileEncoding = 4; lastKnownFileType = sourcecode.cpp.cpp; path = jacobi.cpp; sourceTree = "<group>"; };
		D2AF716216E053A400F34A67 /* param.h */ = {isa = PBXFileReference; lastKnownFileType = sourcecode.c.h; path = param.h; sourceTree = "<group>"; };
		D2AF716316E053E300F34A67 /* problem.cfg */ = {isa = PBXFileReference; lastKnownFileType = text; path = problem.cfg; sourceTree = "<group>"; };
		D2AF716816E0645700F34A67 /* test */ = {isa = PBXFileReference; explicitFileType = "compiled.mach-o.executable"; includeInIndex = 0; path = test; sourceTree = BUILT_PRODUCTS_DIR; };
		D2AF716A16E0645700F34A67 /* main.cpp */ = {isa = PBXFileReference; lastKnownFileType = sourcecode.cpp.cpp; path = main.cpp; sourceTree = "<group>"; };
		D2C6827D16B9DF600023FB36 /* faraday.h */ = {isa = PBXFileReference; lastKnownFileType = sourcecode.c.h; name = faraday.h; path = src/faraday.h; sourceTree = SOURCE_ROOT; };
		D2C6827E16B9EBA30023FB36 /* diffops.h */ = {isa = PBXFileReference; fileEncoding = 4; lastKnownFileType = sourcecode.c.h; name = diffops.h; path = src/diffops.h; sourceTree = SOURCE_ROOT; };
		D2C6828016BB7EB30023FB36 /* boundaries.cpp */ = {isa = PBXFileReference; fileEncoding = 4; lastKnownFileType = sourcecode.cpp.cpp; name = boundaries.cpp; path = src/boundaries.cpp; sourceTree = SOURCE_ROOT; };
		D2C6828116BB7EB40023FB36 /* boundaries.h */ = {isa = PBXFileReference; fileEncoding = 4; lastKnownFileType = sourcecode.c.h; name = boundaries.h; path = src/boundaries.h; sourceTree = SOURCE_ROOT; };
		D2C6828816BB9CAC0023FB36 /* kick.cpp */ = {isa = PBXFileReference; fileEncoding = 4; lastKnownFileType = sourcecode.cpp.cpp; name = kick.cpp; path = src/kick.cpp; sourceTree = SOURCE_ROOT; };
		D2C6828916BB9CAC0023FB36 /* kick.h */ = {isa = PBXFileReference; fileEncoding = 4; lastKnownFileType = sourcecode.c.h; name = kick.h; path = src/kick.h; sourceTree = SOURCE_ROOT; };
		D2F7CF8316DEE31500F064CF /* cold-mri */ = {isa = PBXFileReference; explicitFileType = "compiled.mach-o.executable"; includeInIndex = 0; path = "cold-mri"; sourceTree = BUILT_PRODUCTS_DIR; };
		D2F7CF8516DEECD000F064CF /* problem.cfg */ = {isa = PBXFileReference; lastKnownFileType = text; path = problem.cfg; sourceTree = "<group>"; };
		D2F7CF8916DEEF2900F064CF /* problem.cfg */ = {isa = PBXFileReference; lastKnownFileType = text; path = problem.cfg; sourceTree = "<group>"; };
		D2F90E4816B734C700ABDA86 /* jacobi.py */ = {isa = PBXFileReference; lastKnownFileType = text.script.python; path = jacobi.py; sourceTree = "<group>"; };
		D2F90E4A16B7375900ABDA86 /* vfpic.py */ = {isa = PBXFileReference; lastKnownFileType = text.script.python; path = vfpic.py; sourceTree = "<group>"; };
		D2F90E5216B748E900ABDA86 /* particles.h */ = {isa = PBXFileReference; fileEncoding = 4; lastKnownFileType = sourcecode.c.h; name = particles.h; path = src/particles.h; sourceTree = SOURCE_ROOT; };
/* End PBXFileReference section */

/* Begin PBXFrameworksBuildPhase section */
		D20AF13F16E15E6300D0B031 /* Frameworks */ = {
			isa = PBXFrameworksBuildPhase;
			buildActionMask = 2147483647;
			files = (
			);
			runOnlyForDeploymentPostprocessing = 0;
		};
		D218894016E6E1B1006800C5 /* Frameworks */ = {
			isa = PBXFrameworksBuildPhase;
			buildActionMask = 2147483647;
			files = (
			);
			runOnlyForDeploymentPostprocessing = 0;
		};
		D24BC37116B64B1A006C64A3 /* Frameworks */ = {
			isa = PBXFrameworksBuildPhase;
			buildActionMask = 2147483647;
			files = (
			);
			runOnlyForDeploymentPostprocessing = 0;
		};
		D2ABD95316DEEFC4000D369B /* Frameworks */ = {
			isa = PBXFrameworksBuildPhase;
			buildActionMask = 2147483647;
			files = (
			);
			runOnlyForDeploymentPostprocessing = 0;
		};
		D2AF716516E0645700F34A67 /* Frameworks */ = {
			isa = PBXFrameworksBuildPhase;
			buildActionMask = 2147483647;
			files = (
			);
			runOnlyForDeploymentPostprocessing = 0;
		};
		D2F7CF7E16DEE31500F064CF /* Frameworks */ = {
			isa = PBXFrameworksBuildPhase;
			buildActionMask = 2147483647;
			files = (
			);
			runOnlyForDeploymentPostprocessing = 0;
		};
/* End PBXFrameworksBuildPhase section */

/* Begin PBXGroup section */
		D20AF12C16E15DE900D0B031 /* cold-mri-noise */ = {
			isa = PBXGroup;
			children = (
				D218892C16E465C9006800C5 /* growth-rate.py */,
				D218892D16E465C9006800C5 /* mode.py */,
				D20AF12D16E15E0900D0B031 /* param.h */,
				D20AF12E16E15E1900D0B031 /* problem.cfg */,
			);
			path = "cold-mri-noise";
			sourceTree = "<group>";
		};
		D218894616E6E1F7006800C5 /* warm-circular-wave */ = {
			isa = PBXGroup;
			children = (
				D218894F16E8817E006800C5 /* mode.py */,
				D218895016E8817E006800C5 /* video.py */,
				D218894716E6E27A006800C5 /* param.h */,
				D218894816E6E27A006800C5 /* problem.cfg */,
			);
			path = "warm-circular-wave";
			sourceTree = "<group>";
		};
		D218894A16E6E759006800C5 /* external */ = {
			isa = PBXGroup;
			children = (
				D218894B16E6E785006800C5 /* Faddeeva.cc */,
				D218894C16E6E785006800C5 /* Faddeeva.hh */,
			);
			path = external;
			sourceTree = "<group>";
		};
		D25D22B816DFDFFC001A44F4 /* boundary-conditions */ = {
			isa = PBXGroup;
			children = (
				D25D22B916DFE028001A44F4 /* periodic.cpp */,
				D2AF715116DFED5700F34A67 /* shearing-periodic.cpp */,
			);
			path = "boundary-conditions";
			sourceTree = "<group>";
		};
		D2915FA416B5F56A0084A612 = {
			isa = PBXGroup;
			children = (
				D29BD8F716D35951000BD507 /* TODO */,
				D29BF20C16D97E0B000BD507 /* cold-mri.py */,
				D2F90E4816B734C700ABDA86 /* jacobi.py */,
				D2F90E4A16B7375900ABDA86 /* vfpic.py */,
				D2F7CF6816DEE1B400F064CF /* problems */,
				D2915FB016B5F56A0084A612 /* Products */,
				D2DD55E816DD91380003D699 /* src */,
				D2AF716916E0645700F34A67 /* test */,
			);
			sourceTree = "<group>";
		};
		D2915FB016B5F56A0084A612 /* Products */ = {
			isa = PBXGroup;
			children = (
				D24BC37716B64B1A006C64A3 /* jacobi */,
				D2F7CF8316DEE31500F064CF /* cold-mri */,
				D2ABD95816DEEFC5000D369B /* circular-wave */,
				D2AF716816E0645700F34A67 /* test */,
				D20AF14416E15E6300D0B031 /* cold-mri-noise */,
				D218894516E6E1B1006800C5 /* warm-circular-wave */,
			);
			name = Products;
			sourceTree = "<group>";
		};
		D2AF715416E02D8000F34A67 /* initial-conditions */ = {
			isa = PBXGroup;
			children = (
				D2AF715516E02DCB00F34A67 /* circular-wave.cpp */,
				D2AF715916E02EC400F34A67 /* cold-mri.cpp */,
				D20AF12A16E15ADE00D0B031 /* noise.cpp */,
				D218892E16E6E166006800C5 /* warm-circular-wave.cpp */,
			);
			path = "initial-conditions";
			sourceTree = "<group>";
		};
		D2AF715F16E0528E00F34A67 /* jacobi */ = {
			isa = PBXGroup;
			children = (
				D2AF716016E052F800F34A67 /* jacobi.cpp */,
				D2AF716216E053A400F34A67 /* param.h */,
				D2AF716316E053E300F34A67 /* problem.cfg */,
			);
			path = jacobi;
			sourceTree = "<group>";
		};
		D2AF716916E0645700F34A67 /* test */ = {
			isa = PBXGroup;
			children = (
				D2AF716A16E0645700F34A67 /* main.cpp */,
			);
			path = test;
			sourceTree = "<group>";
		};
		D2DD55E816DD91380003D699 /* src */ = {
			isa = PBXGroup;
			children = (
				D218894A16E6E759006800C5 /* external */,
				D2AF715416E02D8000F34A67 /* initial-conditions */,
				D25D22B816DFDFFC001A44F4 /* boundary-conditions */,
				D28BAF1816B60B3800578956 /* barrier.cpp */,
				D2C6828016BB7EB30023FB36 /* boundaries.cpp */,
				D28BAF0016B5FDDA00578956 /* config.cpp */,
				D20381BC16BE0195008755DC /* deposit.cpp */,
				D206FC1016CA14D1008BD080 /* drift.cpp */,
				D206FC0316C62E3D008BD080 /* faraday.cpp */,
				D28BAEFD16B5FD0200578956 /* global.cpp */,
				D25C8DB216B89B6600B0A607 /* grid.cpp */,
				D2C6828816BB9CAC0023FB36 /* kick.cpp */,
				D2915FC816B5F7FE0084A612 /* main.cpp */,
				D206FBFB16C1C31C008BD080 /* ohm.cpp */,
				D270B39C16CEDC1B00DFCE2F /* output.cpp */,
				D28BAF1916B60B3800578956 /* barrier.h */,
				D2C6828116BB7EB40023FB36 /* boundaries.h */,
				D28BAF0116B5FDDA00578956 /* config.h */,
				D20381BD16BE0195008755DC /* deposit.h */,
				D2C6827E16B9EBA30023FB36 /* diffops.h */,
				D206FC1116CA14D2008BD080 /* drift.h */,
				D2C6827D16B9DF600023FB36 /* faraday.h */,
				D28BAEFE16B5FD0200578956 /* global.h */,
				D25C8DB316B89B6600B0A607 /* grid.h */,
				D206FC0D16CA13A2008BD080 /* initial-condition.h */,
				D2C6828916BB9CAC0023FB36 /* kick.h */,
				D206FC0116C3539F008BD080 /* math-helpers.h */,
				D206FBFC16C1C31C008BD080 /* ohm.h */,
				D270B39D16CEDC1B00DFCE2F /* output.h */,
				D2F90E5216B748E900ABDA86 /* particles.h */,
				D28BAF0616B601AB00578956 /* scalar-field.h */,
				D270B39816CDE6AD00DFCE2F /* three-vector.h */,
				D270B39716CCCE8A00DFCE2F /* variables.h */,
				D28BAF1716B608BC00578956 /* vector-field.h */,
				D257D92616EC2EC50023E828 /* misc.cpp */,
				D257D92716EC2EC50023E828 /* misc.h */,
			);
			path = src;
			sourceTree = "<group>";
		};
		D2F7CF6816DEE1B400F064CF /* problems */ = {
			isa = PBXGroup;
			children = (
				D218894616E6E1F7006800C5 /* warm-circular-wave */,
				D20AF12C16E15DE900D0B031 /* cold-mri-noise */,
				D2AF715F16E0528E00F34A67 /* jacobi */,
				D2F7CF8616DEEEB600F064CF /* circular-wave */,
				D2F7CF6916DEE1E200F064CF /* cold-mri */,
			);
			path = problems;
			sourceTree = "<group>";
		};
		D2F7CF6916DEE1E200F064CF /* cold-mri */ = {
			isa = PBXGroup;
			children = (
				D218892A16E46572006800C5 /* growth-rate.py */,
				D2F7CF8516DEECD000F064CF /* problem.cfg */,
				D2AF715E16E0379E00F34A67 /* param.h */,
			);
			path = "cold-mri";
			sourceTree = "<group>";
		};
		D2F7CF8616DEEEB600F064CF /* circular-wave */ = {
			isa = PBXGroup;
			children = (
				D218892B16E465B1006800C5 /* circular-wave.py */,
				D2F7CF8916DEEF2900F064CF /* problem.cfg */,
				D2AF715D16E0375800F34A67 /* param.h */,
			);
			path = "circular-wave";
			sourceTree = "<group>";
		};
/* End PBXGroup section */

/* Begin PBXNativeTarget section */
		D20AF12F16E15E6300D0B031 /* cold-mri-noise */ = {
			isa = PBXNativeTarget;
			buildConfigurationList = D20AF14116E15E6300D0B031 /* Build configuration list for PBXNativeTarget "cold-mri-noise" */;
			buildPhases = (
				D20AF13016E15E6300D0B031 /* Sources */,
				D20AF13F16E15E6300D0B031 /* Frameworks */,
				D20AF14016E15E6300D0B031 /* CopyFiles */,
			);
			buildRules = (
			);
			dependencies = (
			);
			name = "cold-mri-noise";
			productName = "vf-pic";
			productReference = D20AF14416E15E6300D0B031 /* cold-mri-noise */;
			productType = "com.apple.product-type.tool";
		};
		D218893016E6E1B1006800C5 /* warm-circular-wave */ = {
			isa = PBXNativeTarget;
			buildConfigurationList = D218894216E6E1B1006800C5 /* Build configuration list for PBXNativeTarget "warm-circular-wave" */;
			buildPhases = (
				D218893116E6E1B1006800C5 /* Sources */,
				D218894016E6E1B1006800C5 /* Frameworks */,
				D218894116E6E1B1006800C5 /* CopyFiles */,
			);
			buildRules = (
			);
			dependencies = (
			);
			name = "warm-circular-wave";
			productName = "vf-pic";
			productReference = D218894516E6E1B1006800C5 /* warm-circular-wave */;
			productType = "com.apple.product-type.tool";
		};
		D24BC36B16B64B1A006C64A3 /* jacobi */ = {
			isa = PBXNativeTarget;
			buildConfigurationList = D24BC37416B64B1A006C64A3 /* Build configuration list for PBXNativeTarget "jacobi" */;
			buildPhases = (
				D24BC36C16B64B1A006C64A3 /* Sources */,
				D24BC37116B64B1A006C64A3 /* Frameworks */,
				D24BC37316B64B1A006C64A3 /* CopyFiles */,
			);
			buildRules = (
			);
			dependencies = (
			);
			name = jacobi;
			productName = "vf-pic";
			productReference = D24BC37716B64B1A006C64A3 /* jacobi */;
			productType = "com.apple.product-type.tool";
		};
		D2ABD94416DEEFC4000D369B /* circular-wave */ = {
			isa = PBXNativeTarget;
			buildConfigurationList = D2ABD95516DEEFC4000D369B /* Build configuration list for PBXNativeTarget "circular-wave" */;
			buildPhases = (
				D2ABD94516DEEFC4000D369B /* Sources */,
				D2ABD95316DEEFC4000D369B /* Frameworks */,
				D2ABD95416DEEFC4000D369B /* CopyFiles */,
			);
			buildRules = (
			);
			dependencies = (
			);
			name = "circular-wave";
			productName = "vf-pic";
			productReference = D2ABD95816DEEFC5000D369B /* circular-wave */;
			productType = "com.apple.product-type.tool";
		};
		D2AF716716E0645700F34A67 /* test */ = {
			isa = PBXNativeTarget;
			buildConfigurationList = D2AF716E16E0645700F34A67 /* Build configuration list for PBXNativeTarget "test" */;
			buildPhases = (
				D2AF716416E0645700F34A67 /* Sources */,
				D2AF716516E0645700F34A67 /* Frameworks */,
				D2AF716616E0645700F34A67 /* CopyFiles */,
			);
			buildRules = (
			);
			dependencies = (
			);
			name = test;
			productName = test;
			productReference = D2AF716816E0645700F34A67 /* test */;
			productType = "com.apple.product-type.tool";
		};
		D2F7CF6E16DEE31500F064CF /* cold-mri */ = {
			isa = PBXNativeTarget;
			buildConfigurationList = D2F7CF8016DEE31500F064CF /* Build configuration list for PBXNativeTarget "cold-mri" */;
			buildPhases = (
				D2F7CF6F16DEE31500F064CF /* Sources */,
				D2F7CF7E16DEE31500F064CF /* Frameworks */,
				D2F7CF7F16DEE31500F064CF /* CopyFiles */,
			);
			buildRules = (
			);
			dependencies = (
			);
			name = "cold-mri";
			productName = "vf-pic";
			productReference = D2F7CF8316DEE31500F064CF /* cold-mri */;
			productType = "com.apple.product-type.tool";
		};
/* End PBXNativeTarget section */

/* Begin PBXProject section */
		D2915FA616B5F56A0084A612 /* Project object */ = {
			isa = PBXProject;
			attributes = {
				LastUpgradeCheck = 0460;
				ORGANIZATIONNAME = "Tobias Heinemann";
			};
			buildConfigurationList = D2915FA916B5F56A0084A612 /* Build configuration list for PBXProject "vf-pic" */;
			compatibilityVersion = "Xcode 3.2";
			developmentRegion = English;
			hasScannedForEncodings = 0;
			knownRegions = (
				en,
			);
			mainGroup = D2915FA416B5F56A0084A612;
			productRefGroup = D2915FB016B5F56A0084A612 /* Products */;
			projectDirPath = "";
			projectRoot = "";
			targets = (
				D24BC36B16B64B1A006C64A3 /* jacobi */,
				D2F7CF6E16DEE31500F064CF /* cold-mri */,
				D2ABD94416DEEFC4000D369B /* circular-wave */,
				D2AF716716E0645700F34A67 /* test */,
				D20AF12F16E15E6300D0B031 /* cold-mri-noise */,
				D218893016E6E1B1006800C5 /* warm-circular-wave */,
			);
		};
/* End PBXProject section */

/* Begin PBXSourcesBuildPhase section */
		D20AF13016E15E6300D0B031 /* Sources */ = {
			isa = PBXSourcesBuildPhase;
			buildActionMask = 2147483647;
			files = (
				D20AF14516E15E8200D0B031 /* noise.cpp in Sources */,
				D20AF13216E15E6300D0B031 /* shearing-periodic.cpp in Sources */,
				D20AF13316E15E6300D0B031 /* main.cpp in Sources */,
				D20AF13416E15E6300D0B031 /* global.cpp in Sources */,
				D20AF13516E15E6300D0B031 /* config.cpp in Sources */,
				D20AF13616E15E6300D0B031 /* barrier.cpp in Sources */,
				D20AF13716E15E6300D0B031 /* grid.cpp in Sources */,
				D20AF13816E15E6300D0B031 /* boundaries.cpp in Sources */,
				D20AF13916E15E6300D0B031 /* kick.cpp in Sources */,
				D20AF13A16E15E6300D0B031 /* deposit.cpp in Sources */,
				D20AF13B16E15E6300D0B031 /* ohm.cpp in Sources */,
				D20AF13C16E15E6300D0B031 /* faraday.cpp in Sources */,
				D20AF13D16E15E6300D0B031 /* drift.cpp in Sources */,
				D20AF13E16E15E6300D0B031 /* output.cpp in Sources */,
			);
			runOnlyForDeploymentPostprocessing = 0;
		};
		D218893116E6E1B1006800C5 /* Sources */ = {
			isa = PBXSourcesBuildPhase;
			buildActionMask = 2147483647;
			files = (
				D218894E16E6E796006800C5 /* Faddeeva.cc in Sources */,
				D218894916E6E29E006800C5 /* warm-circular-wave.cpp in Sources */,
				D218893316E6E1B1006800C5 /* periodic.cpp in Sources */,
				D218893416E6E1B1006800C5 /* main.cpp in Sources */,
				D218893516E6E1B1006800C5 /* global.cpp in Sources */,
				D218893616E6E1B1006800C5 /* config.cpp in Sources */,
				D218893716E6E1B1006800C5 /* barrier.cpp in Sources */,
				D218893816E6E1B1006800C5 /* grid.cpp in Sources */,
				D218893916E6E1B1006800C5 /* boundaries.cpp in Sources */,
				D218893A16E6E1B1006800C5 /* kick.cpp in Sources */,
				D218893B16E6E1B1006800C5 /* deposit.cpp in Sources */,
				D218893C16E6E1B1006800C5 /* ohm.cpp in Sources */,
				D218893D16E6E1B1006800C5 /* faraday.cpp in Sources */,
				D218893E16E6E1B1006800C5 /* drift.cpp in Sources */,
				D218893F16E6E1B1006800C5 /* output.cpp in Sources */,
				D257D92816EC2EC50023E828 /* misc.cpp in Sources */,
			);
			runOnlyForDeploymentPostprocessing = 0;
		};
		D24BC36C16B64B1A006C64A3 /* Sources */ = {
			isa = PBXSourcesBuildPhase;
			buildActionMask = 2147483647;
			files = (
				D2AF715C16E030C800F34A67 /* periodic.cpp in Sources */,
				D24BC36D16B64B1A006C64A3 /* global.cpp in Sources */,
				D24BC36E16B64B1A006C64A3 /* config.cpp in Sources */,
				D24BC37016B64B1A006C64A3 /* barrier.cpp in Sources */,
				D2C6828416BB7EB40023FB36 /* boundaries.cpp in Sources */,
				D2AF716116E052F800F34A67 /* jacobi.cpp in Sources */,
				D218894D16E6E785006800C5 /* Faddeeva.cc in Sources */,
			);
			runOnlyForDeploymentPostprocessing = 0;
		};
		D2ABD94516DEEFC4000D369B /* Sources */ = {
			isa = PBXSourcesBuildPhase;
			buildActionMask = 2147483647;
			files = (
				D2AF715816E02E4900F34A67 /* circular-wave.cpp in Sources */,
				D2AF715016DFE7D200F34A67 /* periodic.cpp in Sources */,
				D2ABD94716DEEFC4000D369B /* main.cpp in Sources */,
				D2ABD94816DEEFC4000D369B /* global.cpp in Sources */,
				D2ABD94916DEEFC4000D369B /* config.cpp in Sources */,
				D2ABD94A16DEEFC4000D369B /* barrier.cpp in Sources */,
				D2ABD94B16DEEFC4000D369B /* grid.cpp in Sources */,
				D2ABD94C16DEEFC4000D369B /* boundaries.cpp in Sources */,
				D2ABD94D16DEEFC4000D369B /* kick.cpp in Sources */,
				D2ABD94E16DEEFC4000D369B /* deposit.cpp in Sources */,
				D2ABD94F16DEEFC4000D369B /* ohm.cpp in Sources */,
				D2ABD95016DEEFC4000D369B /* faraday.cpp in Sources */,
				D2ABD95116DEEFC4000D369B /* drift.cpp in Sources */,
				D2ABD95216DEEFC4000D369B /* output.cpp in Sources */,
			);
			runOnlyForDeploymentPostprocessing = 0;
		};
		D2AF716416E0645700F34A67 /* Sources */ = {
			isa = PBXSourcesBuildPhase;
			buildActionMask = 2147483647;
			files = (
				D2AF716B16E0645700F34A67 /* main.cpp in Sources */,
			);
			runOnlyForDeploymentPostprocessing = 0;
		};
		D2F7CF6F16DEE31500F064CF /* Sources */ = {
			isa = PBXSourcesBuildPhase;
			buildActionMask = 2147483647;
			files = (
				D2AF715B16E02F4A00F34A67 /* cold-mri.cpp in Sources */,
				D2AF715316DFF2B600F34A67 /* shearing-periodic.cpp in Sources */,
				D2F7CF7016DEE31500F064CF /* main.cpp in Sources */,
				D2F7CF7116DEE31500F064CF /* global.cpp in Sources */,
				D2F7CF7216DEE31500F064CF /* config.cpp in Sources */,
				D2F7CF7316DEE31500F064CF /* barrier.cpp in Sources */,
				D2F7CF7416DEE31500F064CF /* grid.cpp in Sources */,
				D2F7CF7516DEE31500F064CF /* boundaries.cpp in Sources */,
				D2F7CF7616DEE31500F064CF /* kick.cpp in Sources */,
				D2F7CF7716DEE31500F064CF /* deposit.cpp in Sources */,
				D2F7CF7816DEE31500F064CF /* ohm.cpp in Sources */,
				D2F7CF7916DEE31500F064CF /* faraday.cpp in Sources */,
				D2F7CF7B16DEE31500F064CF /* drift.cpp in Sources */,
				D2F7CF7C16DEE31500F064CF /* output.cpp in Sources */,
			);
			runOnlyForDeploymentPostprocessing = 0;
		};
/* End PBXSourcesBuildPhase section */

/* Begin XCBuildConfiguration section */
		D20AF14216E15E6300D0B031 /* Debug */ = {
			isa = XCBuildConfiguration;
			buildSettings = {
				HEADER_SEARCH_PATHS = /Users/tobi/macports/include;
				PRODUCT_NAME = "cold-mri-noise";
				USER_HEADER_SEARCH_PATHS = "src problems/cold-mri-noise";
			};
			name = Debug;
		};
		D20AF14316E15E6300D0B031 /* Release */ = {
			isa = XCBuildConfiguration;
			buildSettings = {
				HEADER_SEARCH_PATHS = /Users/tobi/macports/include;
				PRODUCT_NAME = "cold-mri-noise";
				USER_HEADER_SEARCH_PATHS = "src problems/cold-mri-noise";
			};
			name = Release;
		};
		D218894316E6E1B1006800C5 /* Debug */ = {
			isa = XCBuildConfiguration;
			buildSettings = {
				PRODUCT_NAME = "warm-circular-wave";
				USER_HEADER_SEARCH_PATHS = "src problems/warm-circular-wave";
			};
			name = Debug;
		};
		D218894416E6E1B1006800C5 /* Release */ = {
			isa = XCBuildConfiguration;
			buildSettings = {
				PRODUCT_NAME = "warm-circular-wave";
				USER_HEADER_SEARCH_PATHS = "src problems/warm-circular-wave";
			};
			name = Release;
		};
		D24BC37516B64B1A006C64A3 /* Debug */ = {
			isa = XCBuildConfiguration;
			buildSettings = {
				PRODUCT_NAME = jacobi;
				USER_HEADER_SEARCH_PATHS = "src problems/jacobi";
			};
			name = Debug;
		};
		D24BC37616B64B1A006C64A3 /* Release */ = {
			isa = XCBuildConfiguration;
			buildSettings = {
				PRODUCT_NAME = jacobi;
				USER_HEADER_SEARCH_PATHS = "src problems/jacobi";
			};
			name = Release;
		};
		D2915FB716B5F56A0084A612 /* Debug */ = {
			isa = XCBuildConfiguration;
			buildSettings = {
				ARCHS = "$(NATIVE_ARCH_ACTUAL)";
				CLANG_CXX_LANGUAGE_STANDARD = "c++0x";
				CLANG_CXX_LIBRARY = "libc++";
				CLANG_WARN_CONSTANT_CONVERSION = YES;
				CLANG_WARN_EMPTY_BODY = YES;
				CLANG_WARN_ENUM_CONVERSION = YES;
				CLANG_WARN_INT_CONVERSION = YES;
				CLANG_WARN__DUPLICATE_METHOD_MATCH = YES;
				GCC_OPTIMIZATION_LEVEL = 3;
				"GCC_PREPROCESSOR_DEFINITIONS[arch=*]" = DEBUG;
				GCC_VERSION = com.apple.compilers.llvm.clang.1_0;
				GCC_WARN_64_TO_32_BIT_CONVERSION = YES;
				GCC_WARN_ABOUT_RETURN_TYPE = YES;
				GCC_WARN_UNINITIALIZED_AUTOS = YES;
				GCC_WARN_UNUSED_VARIABLE = YES;
				USER_HEADER_SEARCH_PATHS = src;
				USE_HEADERMAP = No;
			};
			name = Debug;
		};
		D2915FB816B5F56A0084A612 /* Release */ = {
			isa = XCBuildConfiguration;
			buildSettings = {
				ARCHS = "$(NATIVE_ARCH_ACTUAL)";
				CLANG_CXX_LANGUAGE_STANDARD = "c++0x";
				CLANG_CXX_LIBRARY = "libc++";
				CLANG_WARN_CONSTANT_CONVERSION = YES;
				CLANG_WARN_EMPTY_BODY = YES;
				CLANG_WARN_ENUM_CONVERSION = YES;
				CLANG_WARN_INT_CONVERSION = YES;
				CLANG_WARN__DUPLICATE_METHOD_MATCH = YES;
				GCC_OPTIMIZATION_LEVEL = 3;
				GCC_VERSION = com.apple.compilers.llvm.clang.1_0;
				GCC_WARN_64_TO_32_BIT_CONVERSION = YES;
				GCC_WARN_ABOUT_RETURN_TYPE = YES;
				GCC_WARN_UNINITIALIZED_AUTOS = YES;
				GCC_WARN_UNUSED_VARIABLE = YES;
				USER_HEADER_SEARCH_PATHS = src;
				USE_HEADERMAP = No;
			};
			name = Release;
		};
		D2ABD95616DEEFC4000D369B /* Debug */ = {
			isa = XCBuildConfiguration;
			buildSettings = {
				PRODUCT_NAME = "circular-wave";
				USER_HEADER_SEARCH_PATHS = "src problems/circular-wave";
			};
			name = Debug;
		};
		D2ABD95716DEEFC4000D369B /* Release */ = {
			isa = XCBuildConfiguration;
			buildSettings = {
				PRODUCT_NAME = "circular-wave";
				USER_HEADER_SEARCH_PATHS = "src problems/circular-wave";
			};
			name = Release;
		};
		D2AF716F16E0645700F34A67 /* Debug */ = {
			isa = XCBuildConfiguration;
			buildSettings = {
				ALWAYS_SEARCH_USER_PATHS = NO;
				ARCHS = "$(ARCHS_STANDARD_64_BIT)";
				CLANG_CXX_LANGUAGE_STANDARD = "gnu++0x";
				CLANG_ENABLE_OBJC_ARC = YES;
				COPY_PHASE_STRIP = NO;
				GCC_C_LANGUAGE_STANDARD = gnu99;
				GCC_DYNAMIC_NO_PIC = NO;
				GCC_ENABLE_OBJC_EXCEPTIONS = YES;
				GCC_OPTIMIZATION_LEVEL = 0;
				GCC_PREPROCESSOR_DEFINITIONS = (
					"DEBUG=1",
					"$(inherited)",
				);
				GCC_SYMBOLS_PRIVATE_EXTERN = NO;
				MACOSX_DEPLOYMENT_TARGET = 10.8;
				ONLY_ACTIVE_ARCH = YES;
				PRODUCT_NAME = "$(TARGET_NAME)";
				SDKROOT = macosx;
			};
			name = Debug;
		};
		D2AF717016E0645700F34A67 /* Release */ = {
			isa = XCBuildConfiguration;
			buildSettings = {
				ALWAYS_SEARCH_USER_PATHS = NO;
				ARCHS = "$(ARCHS_STANDARD_64_BIT)";
				CLANG_CXX_LANGUAGE_STANDARD = "gnu++0x";
				CLANG_ENABLE_OBJC_ARC = YES;
				COPY_PHASE_STRIP = YES;
				DEBUG_INFORMATION_FORMAT = "dwarf-with-dsym";
				GCC_C_LANGUAGE_STANDARD = gnu99;
				GCC_ENABLE_OBJC_EXCEPTIONS = YES;
				MACOSX_DEPLOYMENT_TARGET = 10.8;
				PRODUCT_NAME = "$(TARGET_NAME)";
				SDKROOT = macosx;
			};
			name = Release;
		};
		D2F7CF8116DEE31500F064CF /* Debug */ = {
			isa = XCBuildConfiguration;
			buildSettings = {
				HEADER_SEARCH_PATHS = /Users/tobi/macports/include;
				PRODUCT_NAME = "cold-mri";
				USER_HEADER_SEARCH_PATHS = "src problems/cold-mri";
			};
			name = Debug;
		};
		D2F7CF8216DEE31500F064CF /* Release */ = {
			isa = XCBuildConfiguration;
			buildSettings = {
				HEADER_SEARCH_PATHS = /Users/tobi/macports/include;
				PRODUCT_NAME = "cold-mri";
				USER_HEADER_SEARCH_PATHS = "src problems/cold-mri";
			};
			name = Release;
		};
/* End XCBuildConfiguration section */

/* Begin XCConfigurationList section */
		D20AF14116E15E6300D0B031 /* Build configuration list for PBXNativeTarget "cold-mri-noise" */ = {
			isa = XCConfigurationList;
			buildConfigurations = (
				D20AF14216E15E6300D0B031 /* Debug */,
				D20AF14316E15E6300D0B031 /* Release */,
			);
			defaultConfigurationIsVisible = 0;
			defaultConfigurationName = Release;
		};
		D218894216E6E1B1006800C5 /* Build configuration list for PBXNativeTarget "warm-circular-wave" */ = {
			isa = XCConfigurationList;
			buildConfigurations = (
				D218894316E6E1B1006800C5 /* Debug */,
				D218894416E6E1B1006800C5 /* Release */,
			);
			defaultConfigurationIsVisible = 0;
			defaultConfigurationName = Release;
		};
		D24BC37416B64B1A006C64A3 /* Build configuration list for PBXNativeTarget "jacobi" */ = {
			isa = XCConfigurationList;
			buildConfigurations = (
				D24BC37516B64B1A006C64A3 /* Debug */,
				D24BC37616B64B1A006C64A3 /* Release */,
			);
			defaultConfigurationIsVisible = 0;
			defaultConfigurationName = Release;
		};
		D2915FA916B5F56A0084A612 /* Build configuration list for PBXProject "vf-pic" */ = {
			isa = XCConfigurationList;
			buildConfigurations = (
				D2915FB716B5F56A0084A612 /* Debug */,
				D2915FB816B5F56A0084A612 /* Release */,
			);
			defaultConfigurationIsVisible = 0;
			defaultConfigurationName = Release;
		};
		D2ABD95516DEEFC4000D369B /* Build configuration list for PBXNativeTarget "circular-wave" */ = {
			isa = XCConfigurationList;
			buildConfigurations = (
				D2ABD95616DEEFC4000D369B /* Debug */,
				D2ABD95716DEEFC4000D369B /* Release */,
			);
			defaultConfigurationIsVisible = 0;
			defaultConfigurationName = Release;
		};
		D2AF716E16E0645700F34A67 /* Build configuration list for PBXNativeTarget "test" */ = {
			isa = XCConfigurationList;
			buildConfigurations = (
				D2AF716F16E0645700F34A67 /* Debug */,
				D2AF717016E0645700F34A67 /* Release */,
			);
			defaultConfigurationIsVisible = 0;
			defaultConfigurationName = Release;
		};
		D2F7CF8016DEE31500F064CF /* Build configuration list for PBXNativeTarget "cold-mri" */ = {
			isa = XCConfigurationList;
			buildConfigurations = (
				D2F7CF8116DEE31500F064CF /* Debug */,
				D2F7CF8216DEE31500F064CF /* Release */,
			);
			defaultConfigurationIsVisible = 0;
			defaultConfigurationName = Release;
		};
/* End XCConfigurationList section */
	};
	rootObject = D2915FA616B5F56A0084A612 /* Project object */;
}
